
Microsoft Visual Studio Solution File, Format Version 12.00
# Visual Studio Version 16
VisualStudioVersion = 16.0.29613.14
MinimumVisualStudioVersion = 10.0.40219.1
Project("{FAE04EC0-301F-11D3-BF4B-00C04F79EFBC}") = "Magic8Ball", "Magic8Ball\Magic8Ball.csproj", "{644744DB-485E-4FDD-8DAB-D1A861EBC753}"
EndProject
Global
	GlobalSection(SolutionConfigurationPlatforms) = preSolution
		Debug|Any CPU = Debug|Any CPU
		Release|Any CPU = Release|Any CPU
	EndGlobalSection
	GlobalSection(ProjectConfigurationPlatforms) = postSolution
		{644744DB-485E-4FDD-8DAB-D1A861EBC753}.Debug|Any CPU.ActiveCfg = Debug|Any CPU
		{644744DB-485E-4FDD-8DAB-D1A861EBC753}.Debug|Any CPU.Build.0 = Debug|Any CPU
		{644744DB-485E-4FDD-8DAB-D1A861EBC753}.Release|Any CPU.ActiveCfg = Release|Any CPU
		{644744DB-485E-4FDD-8DAB-D1A861EBC753}.Release|Any CPU.Build.0 = Release|Any CPU
	EndGlobalSection
	GlobalSection(SolutionProperties) = preSolution
		HideSolutionNode = FALSE
	EndGlobalSection
	GlobalSection(ExtensibilityGlobals) = postSolution
		SolutionGuid = {88542698-C196-4A47-BD04-9C4B76049AB9}
	EndGlobalSection
EndGlobal
